
Microsoft Visual Studio Solution File, Format Version 12.00
# Visual Studio 2012
Project("{FAE04EC0-301F-11D3-BF4B-00C04F79EFBC}") = "chap1", "chap1\chap1.csproj", "{F2668319-EC77-4E17-90FE-90D5D23E969A}"
EndProject
Project("{2150E333-8FDC-42A3-9474-1A3956D46DE8}") = "Solution Items", "Solution Items", "{34F3426E-AAE4-4CFE-9B8C-BEB75B86047B}"
	ProjectSection(SolutionItems) = preProject
		ant.sln = ant.sln
	EndProjectSection
EndProject
Project("{FAE04EC0-301F-11D3-BF4B-00C04F79EFBC}") = "chap2", "chap2\chap2.csproj", "{E0E2D465-F851-4F2B-A557-FB16578AAD7B}"
EndProject
Global
	GlobalSection(SolutionConfigurationPlatforms) = preSolution
		Debug|x86 = Debug|x86
		Release|x86 = Release|x86
	EndGlobalSection
	GlobalSection(ProjectConfigurationPlatforms) = postSolution
		{F2668319-EC77-4E17-90FE-90D5D23E969A}.Debug|x86.ActiveCfg = Debug|x86
		{F2668319-EC77-4E17-90FE-90D5D23E969A}.Debug|x86.Build.0 = Debug|x86
		{F2668319-EC77-4E17-90FE-90D5D23E969A}.Release|x86.ActiveCfg = Release|x86
		{F2668319-EC77-4E17-90FE-90D5D23E969A}.Release|x86.Build.0 = Release|x86
		{E0E2D465-F851-4F2B-A557-FB16578AAD7B}.Debug|x86.ActiveCfg = Debug|x86
		{E0E2D465-F851-4F2B-A557-FB16578AAD7B}.Debug|x86.Build.0 = Debug|x86
		{E0E2D465-F851-4F2B-A557-FB16578AAD7B}.Release|x86.ActiveCfg = Release|x86
		{E0E2D465-F851-4F2B-A557-FB16578AAD7B}.Release|x86.Build.0 = Release|x86
	EndGlobalSection
EndGlobal
